// !$*UTF8*$!
{
	archiveVersion = 1;
	classes = {
	};
	objectVersion = 46;
	objects = {

/* Begin PBXBuildFile section */
		5399310E1DAB623B0086B815 /* RCTSpeaker.m in Sources */ = {isa = PBXBuildFile; fileRef = 5399310D1DAB623B0086B815 /* RCTSpeaker.m */; };
		5399310F1DAB623B0086B815 /* RCTSpeaker.h in CopyFiles */ = {isa = PBXBuildFile; fileRef = 5399310C1DAB623B0086B815 /* RCTSpeaker.h */; };
/* End PBXBuildFile section */

/* Begin PBXCopyFilesBuildPhase section */
		539931071DAB623B0086B815 /* CopyFiles */ = {
			isa = PBXCopyFilesBuildPhase;
			buildActionMask = 2147483647;
			dstPath = "include/$(PRODUCT_NAME)";
			dstSubfolderSpec = 16;
			files = (
				5399310F1DAB623B0086B815 /* RCTSpeaker.h in CopyFiles */,
			);
			runOnlyForDeploymentPostprocessing = 0;
		};
/* End PBXCopyFilesBuildPhase section */

/* Begin PBXFileReference section */
		539931091DAB623B0086B815 /* libRCTSpeaker.a */ = {isa = PBXFileReference; explicitFileType = archive.ar; includeInIndex = 0; path = libRCTSpeaker.a; sourceTree = BUILT_PRODUCTS_DIR; };
		5399310C1DAB623B0086B815 /* RCTSpeaker.h */ = {isa = PBXFileReference; lastKnownFileType = sourcecode.c.h; path = RCTSpeaker.h; sourceTree = "<group>"; };
		5399310D1DAB623B0086B815 /* RCTSpeaker.m */ = {isa = PBXFileReference; lastKnownFileType = sourcecode.c.objc; path = RCTSpeaker.m; sourceTree = "<group>"; };
/* End PBXFileReference section */

/* Begin PBXFrameworksBuildPhase section */
		539931061DAB623B0086B815 /* Frameworks */ = {
			isa = PBXFrameworksBuildPhase;
			buildActionMask = 2147483647;
			files = (
			);
			runOnlyForDeploymentPostprocessing = 0;
		};
/* End PBXFrameworksBuildPhase section */

/* Begin PBXGroup section */
		539931001DAB623B0086B815 = {
			isa = PBXGroup;
			children = (
				5399310B1DAB623B0086B815 /* RCTSpeaker */,
				5399310A1DAB623B0086B815 /* Products */,
			);
			sourceTree = "<group>";
		};
		5399310A1DAB623B0086B815 /* Products */ = {
			isa = PBXGroup;
			children = (
				539931091DAB623B0086B815 /* libRCTSpeaker.a */,
			);
			name = Products;
			sourceTree = "<group>";
		};
		5399310B1DAB623B0086B815 /* RCTSpeaker */ = {
			isa = PBXGroup;
			children = (
				5399310C1DAB623B0086B815 /* RCTSpeaker.h */,
				5399310D1DAB623B0086B815 /* RCTSpeaker.m */,
			);
			path = RCTSpeaker;
			sourceTree = "<group>";
		};
/* End PBXGroup section */

/* Begin PBXNativeTarget section */
		539931081DAB623B0086B815 /* RCTSpeaker */ = {
			isa = PBXNativeTarget;
			buildConfigurationList = 539931121DAB623B0086B815 /* Build configuration list for PBXNativeTarget "RCTSpeaker" */;
			buildPhases = (
				539931051DAB623B0086B815 /* Sources */,
				539931061DAB623B0086B815 /* Frameworks */,
				539931071DAB623B0086B815 /* CopyFiles */,
			);
			buildRules = (
			);
			dependencies = (
			);
			name = RCTSpeaker;
			productName = RCTSpeaker;
			productReference = 539931091DAB623B0086B815 /* libRCTSpeaker.a */;
			productType = "com.apple.product-type.library.static";
		};
/* End PBXNativeTarget section */

/* Begin PBXProject section */
		539931011DAB623B0086B815 /* Project object */ = {
			isa = PBXProject;
			attributes = {
				LastUpgradeCheck = 0800;
				ORGANIZATIONNAME = Anren;
				TargetAttributes = {
					539931081DAB623B0086B815 = {
						CreatedOnToolsVersion = 8.0;
						DevelopmentTeam = Q69QP7X9QE;
						ProvisioningStyle = Automatic;
					};
				};
			};
			buildConfigurationList = 539931041DAB623B0086B815 /* Build configuration list for PBXProject "RCTSpeaker" */;
			compatibilityVersion = "Xcode 3.2";
			developmentRegion = English;
			hasScannedForEncodings = 0;
			knownRegions = (
				en,
			);
			mainGroup = 539931001DAB623B0086B815;
			productRefGroup = 5399310A1DAB623B0086B815 /* Products */;
			projectDirPath = "";
			projectRoot = "";
			targets = (
				539931081DAB623B0086B815 /* RCTSpeaker */,
			);
		};
/* End PBXProject section */

/* Begin PBXSourcesBuildPhase section */
		539931051DAB623B0086B815 /* Sources */ = {
			isa = PBXSourcesBuildPhase;
			buildActionMask = 2147483647;
			files = (
				5399310E1DAB623B0086B815 /* RCTSpeaker.m in Sources */,
			);
			runOnlyForDeploymentPostprocessing = 0;
		};
/* End PBXSourcesBuildPhase section */

/* Begin XCBuildConfiguration section */
		539931101DAB623B0086B815 /* Debug */ = {
			isa = XCBuildConfiguration;
			buildSettings = {
				ALWAYS_SEARCH_USER_PATHS = NO;
				CLANG_ANALYZER_NONNULL = YES;
				CLANG_CXX_LANGUAGE_STANDARD = "gnu++0x";
				CLANG_CXX_LIBRARY = "libc++";
				CLANG_ENABLE_MODULES = YES;
				CLANG_ENABLE_OBJC_ARC = YES;
				CLANG_WARN_BOOL_CONVERSION = YES;
				CLANG_WARN_CONSTANT_CONVERSION = YES;
				CLANG_WARN_DIRECT_OBJC_ISA_USAGE = YES_ERROR;
				CLANG_WARN_DOCUMENTATION_COMMENTS = YES;
				CLANG_WARN_EMPTY_BODY = YES;
				CLANG_WARN_ENUM_CONVERSION = YES;
				CLANG_WARN_INFINITE_RECURSION = YES;
				CLANG_WARN_INT_CONVERSION = YES;
				CLANG_WARN_OBJC_ROOT_CLASS = YES_ERROR;
				CLANG_WARN_SUSPICIOUS_MOVES = YES;
				CLANG_WARN_UNREACHABLE_CODE = YES;
				CLANG_WARN__DUPLICATE_METHOD_MATCH = YES;
				"CODE_SIGN_IDENTITY[sdk=iphoneos*]" = "iPhone Developer";
				COPY_PHASE_STRIP = NO;
				DEBUG_INFORMATION_FORMAT = dwarf;
				ENABLE_STRICT_OBJC_MSGSEND = YES;
				ENABLE_TESTABILITY = YES;
				GCC_C_LANGUAGE_STANDARD = gnu99;
				GCC_DYNAMIC_NO_PIC = NO;
				GCC_NO_COMMON_BLOCKS = YES;
				GCC_OPTIMIZATION_LEVEL = 0;
				GCC_PREPROCESSOR_DEFINITIONS = (
					"DEBUG=1",
					"$(inherited)",
				);
				GCC_WARN_64_TO_32_BIT_CONVERSION = YES;
				GCC_WARN_ABOUT_RETURN_TYPE = YES_ERROR;
				GCC_WARN_UNDECLARED_SELECTOR = YES;
				GCC_WARN_UNINITIALIZED_AUTOS = YES_AGGRESSIVE;
				GCC_WARN_UNUSED_FUNCTION = YES;
				GCC_WARN_UNUSED_VARIABLE = YES;
				IPHONEOS_DEPLOYMENT_TARGET = 8.0;
				MTL_ENABLE_DEBUG_INFO = YES;
				ONLY_ACTIVE_ARCH = YES;
				SDKROOT = iphoneos;
			};
			name = Debug;
		};
		539931111DAB623B0086B815 /* Release */ = {
			isa = XCBuildConfiguration;
			buildSettings = {
				ALWAYS_SEARCH_USER_PATHS = NO;
				CLANG_ANALYZER_NONNULL = YES;
				CLANG_CXX_LANGUAGE_STANDARD = "gnu++0x";
				CLANG_CXX_LIBRARY = "libc++";
				CLANG_ENABLE_MODULES = YES;
				CLANG_ENABLE_OBJC_ARC = YES;
				CLANG_WARN_BOOL_CONVERSION = YES;
				CLANG_WARN_CONSTANT_CONVERSION = YES;
				CLANG_WARN_DIRECT_OBJC_ISA_USAGE = YES_ERROR;
				CLANG_WARN_DOCUMENTATION_COMMENTS = YES;
				CLANG_WARN_EMPTY_BODY = YES;
				CLANG_WARN_ENUM_CONVERSION = YES;
				CLANG_WARN_INFINITE_RECURSION = YES;
				CLANG_WARN_INT_CONVERSION = YES;
				CLANG_WARN_OBJC_ROOT_CLASS = YES_ERROR;
				CLANG_WARN_SUSPICIOUS_MOVES = YES;
				CLANG_WARN_UNREACHABLE_CODE = YES;
				CLANG_WARN__DUPLICATE_METHOD_MATCH = YES;
				"CODE_SIGN_IDENTITY[sdk=iphoneos*]" = "iPhone Developer";
				COPY_PHASE_STRIP = NO;
				DEBUG_INFORMATION_FORMAT = "dwarf-with-dsym";
				ENABLE_NS_ASSERTIONS = NO;
				ENABLE_STRICT_OBJC_MSGSEND = YES;
				GCC_C_LANGUAGE_STANDARD = gnu99;
				GCC_NO_COMMON_BLOCKS = YES;
				GCC_WARN_64_TO_32_BIT_CONVERSION = YES;
				GCC_WARN_ABOUT_RETURN_TYPE = YES_ERROR;
				GCC_WARN_UNDECLARED_SELECTOR = YES;
				GCC_WARN_UNINITIALIZED_AUTOS = YES_AGGRESSIVE;
				GCC_WARN_UNUSED_FUNCTION = YES;
				GCC_WARN_UNUSED_VARIABLE = YES;
				IPHONEOS_DEPLOYMENT_TARGET = 8.0;
				MTL_ENABLE_DEBUG_INFO = NO;
				SDKROOT = iphoneos;
				VALIDATE_PRODUCT = YES;
			};
			name = Release;
		};
		539931131DAB623B0086B815 /* Debug */ = {
			isa = XCBuildConfiguration;
			buildSettings = {
				DEVELOPMENT_TEAM = Q69QP7X9QE;
				HEADER_SEARCH_PATHS = (
					"$(inherited)",
					/Applications/Xcode.app/Contents/Developer/Toolchains/XcodeDefault.xctoolchain/usr/include,
					"$(SRCROOT)/../../node_modules/react-native/React/**",
					"$(SRCROOT)/**",
					"$(SRCROOT)/../../../node_modules/react-native/React/**",
					"$(SRCROOT)/../../../../node_modules/react-native/React/**",
				);
				OTHER_LDFLAGS = "-ObjC";
				PRODUCT_NAME = "$(TARGET_NAME)";
				SKIP_INSTALL = YES;
			};
			name = Debug;
		};
		539931141DAB623B0086B815 /* Release */ = {
			isa = XCBuildConfiguration;
			buildSettings = {
				DEVELOPMENT_TEAM = Q69QP7X9QE;
				HEADER_SEARCH_PATHS = (
					"$(inherited)",
					/Applications/Xcode.app/Contents/Developer/Toolchains/XcodeDefault.xctoolchain/usr/include,
					"$(SRCROOT)/../../node_modules/react-native/React/**",
					"$(SRCROOT)/**",
					"$(SRCROOT)/../../../node_modules/react-native/React/**",
					"$(SRCROOT)/../../../../node_modules/react-native/React/**",
				);
				OTHER_LDFLAGS = "-ObjC";
				PRODUCT_NAME = "$(TARGET_NAME)";
				SKIP_INSTALL = YES;
			};
			name = Release;
		};
/* End XCBuildConfiguration section */

/* Begin XCConfigurationList section */
		539931041DAB623B0086B815 /* Build configuration list for PBXProject "RCTSpeaker" */ = {
			isa = XCConfigurationList;
			buildConfigurations = (
				539931101DAB623B0086B815 /* Debug */,
				539931111DAB623B0086B815 /* Release */,
			);
			defaultConfigurationIsVisible = 0;
			defaultConfigurationName = Release;
		};
		539931121DAB623B0086B815 /* Build configuration list for PBXNativeTarget "RCTSpeaker" */ = {
			isa = XCConfigurationList;
			buildConfigurations = (
				539931131DAB623B0086B815 /* Debug */,
				539931141DAB623B0086B815 /* Release */,
			);
			defaultConfigurationIsVisible = 0;
			defaultConfigurationName = Release;
		};
/* End XCConfigurationList section */
	};
	rootObject = 539931011DAB623B0086B815 /* Project object */;
}
